
Microsoft Visual Studio Solution File, Format Version 12.00
# Visual Studio 15
VisualStudioVersion = 15.0.27130.2024
MinimumVisualStudioVersion = 10.0.40219.1
Project("{FAE04EC0-301F-11D3-BF4B-00C04F79EFBC}") = "CommonLib", "CommonLib\CommonLib.csproj", "{18EAE752-4ACD-47E2-80F1-6B71F8CBB701}"
EndProject
Project("{FAE04EC0-301F-11D3-BF4B-00C04F79EFBC}") = "StoryDesignInterface", "StoryDesignInterface\StoryDesignInterface.csproj", "{74B2E307-65D0-4A6B-869D-0C36873EE3C0}"
EndProject
Project("{FAE04EC0-301F-11D3-BF4B-00C04F79EFBC}") = "StoryDesignLib", "StoryDesignLib\StoryDesignLib.csproj", "{FFC8D8A1-30FD-4CF0-9448-414691B9ECE3}"
EndProject
Project("{FAE04EC0-301F-11D3-BF4B-00C04F79EFBC}") = "UISupport", "UISupport\UISupport.csproj", "{B3C740FB-1155-4044-9B83-483E698EE313}"
EndProject
Project("{FAE04EC0-301F-11D3-BF4B-00C04F79EFBC}") = "StoryDesign", "StoryDesign\StoryDesign.csproj", "{D76B146A-55A2-462C-9104-990246EEF33B}"
EndProject
Global
	GlobalSection(SolutionConfigurationPlatforms) = preSolution
		Debug|Any CPU = Debug|Any CPU
		Debug|ARM = Debug|ARM
		Debug|x64 = Debug|x64
		Debug|x86 = Debug|x86
		Release|Any CPU = Release|Any CPU
		Release|ARM = Release|ARM
		Release|x64 = Release|x64
		Release|x86 = Release|x86
	EndGlobalSection
	GlobalSection(ProjectConfigurationPlatforms) = postSolution
		{18EAE752-4ACD-47E2-80F1-6B71F8CBB701}.Debug|Any CPU.ActiveCfg = Debug|Any CPU
		{18EAE752-4ACD-47E2-80F1-6B71F8CBB701}.Debug|Any CPU.Build.0 = Debug|Any CPU
		{18EAE752-4ACD-47E2-80F1-6B71F8CBB701}.Debug|ARM.ActiveCfg = Debug|ARM
		{18EAE752-4ACD-47E2-80F1-6B71F8CBB701}.Debug|ARM.Build.0 = Debug|ARM
		{18EAE752-4ACD-47E2-80F1-6B71F8CBB701}.Debug|x64.ActiveCfg = Debug|x64
		{18EAE752-4ACD-47E2-80F1-6B71F8CBB701}.Debug|x64.Build.0 = Debug|x64
		{18EAE752-4ACD-47E2-80F1-6B71F8CBB701}.Debug|x86.ActiveCfg = Debug|x86
		{18EAE752-4ACD-47E2-80F1-6B71F8CBB701}.Debug|x86.Build.0 = Debug|x86
		{18EAE752-4ACD-47E2-80F1-6B71F8CBB701}.Release|Any CPU.ActiveCfg = Release|Any CPU
		{18EAE752-4ACD-47E2-80F1-6B71F8CBB701}.Release|Any CPU.Build.0 = Release|Any CPU
		{18EAE752-4ACD-47E2-80F1-6B71F8CBB701}.Release|ARM.ActiveCfg = Release|ARM
		{18EAE752-4ACD-47E2-80F1-6B71F8CBB701}.Release|ARM.Build.0 = Release|ARM
		{18EAE752-4ACD-47E2-80F1-6B71F8CBB701}.Release|x64.ActiveCfg = Release|x64
		{18EAE752-4ACD-47E2-80F1-6B71F8CBB701}.Release|x64.Build.0 = Release|x64
		{18EAE752-4ACD-47E2-80F1-6B71F8CBB701}.Release|x86.ActiveCfg = Release|x86
		{18EAE752-4ACD-47E2-80F1-6B71F8CBB701}.Release|x86.Build.0 = Release|x86
		{74B2E307-65D0-4A6B-869D-0C36873EE3C0}.Debug|Any CPU.ActiveCfg = Debug|Any CPU
		{74B2E307-65D0-4A6B-869D-0C36873EE3C0}.Debug|Any CPU.Build.0 = Debug|Any CPU
		{74B2E307-65D0-4A6B-869D-0C36873EE3C0}.Debug|ARM.ActiveCfg = Debug|ARM
		{74B2E307-65D0-4A6B-869D-0C36873EE3C0}.Debug|ARM.Build.0 = Debug|ARM
		{74B2E307-65D0-4A6B-869D-0C36873EE3C0}.Debug|x64.ActiveCfg = Debug|x64
		{74B2E307-65D0-4A6B-869D-0C36873EE3C0}.Debug|x64.Build.0 = Debug|x64
		{74B2E307-65D0-4A6B-869D-0C36873EE3C0}.Debug|x86.ActiveCfg = Debug|x86
		{74B2E307-65D0-4A6B-869D-0C36873EE3C0}.Debug|x86.Build.0 = Debug|x86
		{74B2E307-65D0-4A6B-869D-0C36873EE3C0}.Release|Any CPU.ActiveCfg = Release|Any CPU
		{74B2E307-65D0-4A6B-869D-0C36873EE3C0}.Release|Any CPU.Build.0 = Release|Any CPU
		{74B2E307-65D0-4A6B-869D-0C36873EE3C0}.Release|ARM.ActiveCfg = Release|ARM
		{74B2E307-65D0-4A6B-869D-0C36873EE3C0}.Release|ARM.Build.0 = Release|ARM
		{74B2E307-65D0-4A6B-869D-0C36873EE3C0}.Release|x64.ActiveCfg = Release|x64
		{74B2E307-65D0-4A6B-869D-0C36873EE3C0}.Release|x64.Build.0 = Release|x64
		{74B2E307-65D0-4A6B-869D-0C36873EE3C0}.Release|x86.ActiveCfg = Release|x86
		{74B2E307-65D0-4A6B-869D-0C36873EE3C0}.Release|x86.Build.0 = Release|x86
		{FFC8D8A1-30FD-4CF0-9448-414691B9ECE3}.Debug|Any CPU.ActiveCfg = Debug|Any CPU
		{FFC8D8A1-30FD-4CF0-9448-414691B9ECE3}.Debug|Any CPU.Build.0 = Debug|Any CPU
		{FFC8D8A1-30FD-4CF0-9448-414691B9ECE3}.Debug|ARM.ActiveCfg = Debug|ARM
		{FFC8D8A1-30FD-4CF0-9448-414691B9ECE3}.Debug|ARM.Build.0 = Debug|ARM
		{FFC8D8A1-30FD-4CF0-9448-414691B9ECE3}.Debug|x64.ActiveCfg = Debug|x64
		{FFC8D8A1-30FD-4CF0-9448-414691B9ECE3}.Debug|x64.Build.0 = Debug|x64
		{FFC8D8A1-30FD-4CF0-9448-414691B9ECE3}.Debug|x86.ActiveCfg = Debug|x86
		{FFC8D8A1-30FD-4CF0-9448-414691B9ECE3}.Debug|x86.Build.0 = Debug|x86
		{FFC8D8A1-30FD-4CF0-9448-414691B9ECE3}.Release|Any CPU.ActiveCfg = Release|Any CPU
		{FFC8D8A1-30FD-4CF0-9448-414691B9ECE3}.Release|Any CPU.Build.0 = Release|Any CPU
		{FFC8D8A1-30FD-4CF0-9448-414691B9ECE3}.Release|ARM.ActiveCfg = Release|ARM
		{FFC8D8A1-30FD-4CF0-9448-414691B9ECE3}.Release|ARM.Build.0 = Release|ARM
		{FFC8D8A1-30FD-4CF0-9448-414691B9ECE3}.Release|x64.ActiveCfg = Release|x64
		{FFC8D8A1-30FD-4CF0-9448-414691B9ECE3}.Release|x64.Build.0 = Release|x64
		{FFC8D8A1-30FD-4CF0-9448-414691B9ECE3}.Release|x86.ActiveCfg = Release|x86
		{FFC8D8A1-30FD-4CF0-9448-414691B9ECE3}.Release|x86.Build.0 = Release|x86
		{B3C740FB-1155-4044-9B83-483E698EE313}.Debug|Any CPU.ActiveCfg = Debug|Any CPU
		{B3C740FB-1155-4044-9B83-483E698EE313}.Debug|Any CPU.Build.0 = Debug|Any CPU
		{B3C740FB-1155-4044-9B83-483E698EE313}.Debug|ARM.ActiveCfg = Debug|ARM
		{B3C740FB-1155-4044-9B83-483E698EE313}.Debug|ARM.Build.0 = Debug|ARM
		{B3C740FB-1155-4044-9B83-483E698EE313}.Debug|x64.ActiveCfg = Debug|x64
		{B3C740FB-1155-4044-9B83-483E698EE313}.Debug|x64.Build.0 = Debug|x64
		{B3C740FB-1155-4044-9B83-483E698EE313}.Debug|x86.ActiveCfg = Debug|x86
		{B3C740FB-1155-4044-9B83-483E698EE313}.Debug|x86.Build.0 = Debug|x86
		{B3C740FB-1155-4044-9B83-483E698EE313}.Release|Any CPU.ActiveCfg = Release|Any CPU
		{B3C740FB-1155-4044-9B83-483E698EE313}.Release|Any CPU.Build.0 = Release|Any CPU
		{B3C740FB-1155-4044-9B83-483E698EE313}.Release|ARM.ActiveCfg = Release|ARM
		{B3C740FB-1155-4044-9B83-483E698EE313}.Release|ARM.Build.0 = Release|ARM
		{B3C740FB-1155-4044-9B83-483E698EE313}.Release|x64.ActiveCfg = Release|x64
		{B3C740FB-1155-4044-9B83-483E698EE313}.Release|x64.Build.0 = Release|x64
		{B3C740FB-1155-4044-9B83-483E698EE313}.Release|x86.ActiveCfg = Release|x86
		{B3C740FB-1155-4044-9B83-483E698EE313}.Release|x86.Build.0 = Release|x86
		{D76B146A-55A2-462C-9104-990246EEF33B}.Debug|Any CPU.ActiveCfg = Debug|x86
		{D76B146A-55A2-462C-9104-990246EEF33B}.Debug|Any CPU.Build.0 = Debug|x86
		{D76B146A-55A2-462C-9104-990246EEF33B}.Debug|Any CPU.Deploy.0 = Debug|x86
		{D76B146A-55A2-462C-9104-990246EEF33B}.Debug|ARM.ActiveCfg = Debug|ARM
		{D76B146A-55A2-462C-9104-990246EEF33B}.Debug|ARM.Build.0 = Debug|ARM
		{D76B146A-55A2-462C-9104-990246EEF33B}.Debug|ARM.Deploy.0 = Debug|ARM
		{D76B146A-55A2-462C-9104-990246EEF33B}.Debug|x64.ActiveCfg = Debug|x64
		{D76B146A-55A2-462C-9104-990246EEF33B}.Debug|x64.Build.0 = Debug|x64
		{D76B146A-55A2-462C-9104-990246EEF33B}.Debug|x64.Deploy.0 = Debug|x64
		{D76B146A-55A2-462C-9104-990246EEF33B}.Debug|x86.ActiveCfg = Debug|x86
		{D76B146A-55A2-462C-9104-990246EEF33B}.Debug|x86.Build.0 = Debug|x86
		{D76B146A-55A2-462C-9104-990246EEF33B}.Debug|x86.Deploy.0 = Debug|x86
		{D76B146A-55A2-462C-9104-990246EEF33B}.Release|Any CPU.ActiveCfg = Release|x86
		{D76B146A-55A2-462C-9104-990246EEF33B}.Release|ARM.ActiveCfg = Release|ARM
		{D76B146A-55A2-462C-9104-990246EEF33B}.Release|ARM.Build.0 = Release|ARM
		{D76B146A-55A2-462C-9104-990246EEF33B}.Release|ARM.Deploy.0 = Release|ARM
		{D76B146A-55A2-462C-9104-990246EEF33B}.Release|x64.ActiveCfg = Release|x64
		{D76B146A-55A2-462C-9104-990246EEF33B}.Release|x64.Build.0 = Release|x64
		{D76B146A-55A2-462C-9104-990246EEF33B}.Release|x64.Deploy.0 = Release|x64
		{D76B146A-55A2-462C-9104-990246EEF33B}.Release|x86.ActiveCfg = Release|x86
		{D76B146A-55A2-462C-9104-990246EEF33B}.Release|x86.Build.0 = Release|x86
		{D76B146A-55A2-462C-9104-990246EEF33B}.Release|x86.Deploy.0 = Release|x86
	EndGlobalSection
	GlobalSection(SolutionProperties) = preSolution
		HideSolutionNode = FALSE
	EndGlobalSection
	GlobalSection(ExtensibilityGlobals) = postSolution
		SolutionGuid = {853B209A-3773-485E-A64E-6528B5C5C0C5}
	EndGlobalSection
EndGlobal
